
Microsoft Visual Studio Solution File, Format Version 12.00
# Visual Studio Version 17
VisualStudioVersion = 17.6.33815.320
MinimumVisualStudioVersion = 10.0.40219.1
Project("{FAE04EC0-301F-11D3-BF4B-00C04F79EFBC}") = "lab3p8", "lab3p8\lab3p8.csproj", "{C5036B87-68BC-43E1-8E43-5C80CD389401}"
EndProject
Global
	GlobalSection(SolutionConfigurationPlatforms) = preSolution
		Debug|Any CPU = Debug|Any CPU
		Release|Any CPU = Release|Any CPU
	EndGlobalSection
	GlobalSection(ProjectConfigurationPlatforms) = postSolution
		{C5036B87-68BC-43E1-8E43-5C80CD389401}.Debug|Any CPU.ActiveCfg = Debug|Any CPU
		{C5036B87-68BC-43E1-8E43-5C80CD389401}.Debug|Any CPU.Build.0 = Debug|Any CPU
		{C5036B87-68BC-43E1-8E43-5C80CD389401}.Release|Any CPU.ActiveCfg = Release|Any CPU
		{C5036B87-68BC-43E1-8E43-5C80CD389401}.Release|Any CPU.Build.0 = Release|Any CPU
	EndGlobalSection
	GlobalSection(SolutionProperties) = preSolution
		HideSolutionNode = FALSE
	EndGlobalSection
	GlobalSection(ExtensibilityGlobals) = postSolution
		SolutionGuid = {7BD7D230-CBEB-4AE4-A32D-1C20865CDA89}
	EndGlobalSection
EndGlobal
