
Microsoft Visual Studio Solution File, Format Version 12.00
# Visual Studio Version 17
VisualStudioVersion = 17.6.33815.320
MinimumVisualStudioVersion = 10.0.40219.1
Project("{FAE04EC0-301F-11D3-BF4B-00C04F79EFBC}") = "lab3p6", "lab3p6\lab3p6.csproj", "{95AC6C8B-92C2-48EC-AF2F-5937F7248825}"
EndProject
Global
	GlobalSection(SolutionConfigurationPlatforms) = preSolution
		Debug|Any CPU = Debug|Any CPU
		Release|Any CPU = Release|Any CPU
	EndGlobalSection
	GlobalSection(ProjectConfigurationPlatforms) = postSolution
		{95AC6C8B-92C2-48EC-AF2F-5937F7248825}.Debug|Any CPU.ActiveCfg = Debug|Any CPU
		{95AC6C8B-92C2-48EC-AF2F-5937F7248825}.Debug|Any CPU.Build.0 = Debug|Any CPU
		{95AC6C8B-92C2-48EC-AF2F-5937F7248825}.Release|Any CPU.ActiveCfg = Release|Any CPU
		{95AC6C8B-92C2-48EC-AF2F-5937F7248825}.Release|Any CPU.Build.0 = Release|Any CPU
	EndGlobalSection
	GlobalSection(SolutionProperties) = preSolution
		HideSolutionNode = FALSE
	EndGlobalSection
	GlobalSection(ExtensibilityGlobals) = postSolution
		SolutionGuid = {B65D0BFE-EFC9-4311-AA25-C1E0EE667CA9}
	EndGlobalSection
EndGlobal
