
Microsoft Visual Studio Solution File, Format Version 12.00
# Visual Studio Version 17
VisualStudioVersion = 17.6.33815.320
MinimumVisualStudioVersion = 10.0.40219.1
Project("{FAE04EC0-301F-11D3-BF4B-00C04F79EFBC}") = "lab3p2", "lab3p2\lab3p2.csproj", "{9687F670-649C-4B1A-899A-2032956E824D}"
EndProject
Global
	GlobalSection(SolutionConfigurationPlatforms) = preSolution
		Debug|Any CPU = Debug|Any CPU
		Release|Any CPU = Release|Any CPU
	EndGlobalSection
	GlobalSection(ProjectConfigurationPlatforms) = postSolution
		{9687F670-649C-4B1A-899A-2032956E824D}.Debug|Any CPU.ActiveCfg = Debug|Any CPU
		{9687F670-649C-4B1A-899A-2032956E824D}.Debug|Any CPU.Build.0 = Debug|Any CPU
		{9687F670-649C-4B1A-899A-2032956E824D}.Release|Any CPU.ActiveCfg = Release|Any CPU
		{9687F670-649C-4B1A-899A-2032956E824D}.Release|Any CPU.Build.0 = Release|Any CPU
	EndGlobalSection
	GlobalSection(SolutionProperties) = preSolution
		HideSolutionNode = FALSE
	EndGlobalSection
	GlobalSection(ExtensibilityGlobals) = postSolution
		SolutionGuid = {960F5EE4-EB87-4FBF-917C-2DE811FB7B82}
	EndGlobalSection
EndGlobal
