
Microsoft Visual Studio Solution File, Format Version 12.00
# Visual Studio Version 17
VisualStudioVersion = 17.6.33815.320
MinimumVisualStudioVersion = 10.0.40219.1
Project("{FAE04EC0-301F-11D3-BF4B-00C04F79EFBC}") = "lab3p10", "lab3p10\lab3p10.csproj", "{7BBF4FCD-82C1-4840-B603-B8FEF2484A79}"
EndProject
Global
	GlobalSection(SolutionConfigurationPlatforms) = preSolution
		Debug|Any CPU = Debug|Any CPU
		Release|Any CPU = Release|Any CPU
	EndGlobalSection
	GlobalSection(ProjectConfigurationPlatforms) = postSolution
		{7BBF4FCD-82C1-4840-B603-B8FEF2484A79}.Debug|Any CPU.ActiveCfg = Debug|Any CPU
		{7BBF4FCD-82C1-4840-B603-B8FEF2484A79}.Debug|Any CPU.Build.0 = Debug|Any CPU
		{7BBF4FCD-82C1-4840-B603-B8FEF2484A79}.Release|Any CPU.ActiveCfg = Release|Any CPU
		{7BBF4FCD-82C1-4840-B603-B8FEF2484A79}.Release|Any CPU.Build.0 = Release|Any CPU
	EndGlobalSection
	GlobalSection(SolutionProperties) = preSolution
		HideSolutionNode = FALSE
	EndGlobalSection
	GlobalSection(ExtensibilityGlobals) = postSolution
		SolutionGuid = {8A5620B9-FBB3-45A1-894D-28F02C2D6C1D}
	EndGlobalSection
EndGlobal
