
Microsoft Visual Studio Solution File, Format Version 12.00
# Visual Studio Version 17
VisualStudioVersion = 17.6.33815.320
MinimumVisualStudioVersion = 10.0.40219.1
Project("{FAE04EC0-301F-11D3-BF4B-00C04F79EFBC}") = "lab5p6", "lab5p6\lab5p6.csproj", "{13F58055-833E-4E56-BE46-4AA5E0142BB0}"
EndProject
Global
	GlobalSection(SolutionConfigurationPlatforms) = preSolution
		Debug|Any CPU = Debug|Any CPU
		Release|Any CPU = Release|Any CPU
	EndGlobalSection
	GlobalSection(ProjectConfigurationPlatforms) = postSolution
		{13F58055-833E-4E56-BE46-4AA5E0142BB0}.Debug|Any CPU.ActiveCfg = Debug|Any CPU
		{13F58055-833E-4E56-BE46-4AA5E0142BB0}.Debug|Any CPU.Build.0 = Debug|Any CPU
		{13F58055-833E-4E56-BE46-4AA5E0142BB0}.Release|Any CPU.ActiveCfg = Release|Any CPU
		{13F58055-833E-4E56-BE46-4AA5E0142BB0}.Release|Any CPU.Build.0 = Release|Any CPU
	EndGlobalSection
	GlobalSection(SolutionProperties) = preSolution
		HideSolutionNode = FALSE
	EndGlobalSection
	GlobalSection(ExtensibilityGlobals) = postSolution
		SolutionGuid = {3CC6AE57-922A-4303-A540-123D32CE169A}
	EndGlobalSection
EndGlobal
