
Microsoft Visual Studio Solution File, Format Version 12.00
# Visual Studio Version 17
VisualStudioVersion = 17.6.33815.320
MinimumVisualStudioVersion = 10.0.40219.1
Project("{FAE04EC0-301F-11D3-BF4B-00C04F79EFBC}") = "lab5p1", "lab5p1\lab5p1.csproj", "{C3FB0365-08C9-46F9-B069-C69207DB5EBC}"
EndProject
Global
	GlobalSection(SolutionConfigurationPlatforms) = preSolution
		Debug|Any CPU = Debug|Any CPU
		Release|Any CPU = Release|Any CPU
	EndGlobalSection
	GlobalSection(ProjectConfigurationPlatforms) = postSolution
		{C3FB0365-08C9-46F9-B069-C69207DB5EBC}.Debug|Any CPU.ActiveCfg = Debug|Any CPU
		{C3FB0365-08C9-46F9-B069-C69207DB5EBC}.Debug|Any CPU.Build.0 = Debug|Any CPU
		{C3FB0365-08C9-46F9-B069-C69207DB5EBC}.Release|Any CPU.ActiveCfg = Release|Any CPU
		{C3FB0365-08C9-46F9-B069-C69207DB5EBC}.Release|Any CPU.Build.0 = Release|Any CPU
	EndGlobalSection
	GlobalSection(SolutionProperties) = preSolution
		HideSolutionNode = FALSE
	EndGlobalSection
	GlobalSection(ExtensibilityGlobals) = postSolution
		SolutionGuid = {A26332A5-0EED-4F35-A604-21594E035005}
	EndGlobalSection
EndGlobal
