
Microsoft Visual Studio Solution File, Format Version 12.00
# Visual Studio Version 17
VisualStudioVersion = 17.6.33815.320
MinimumVisualStudioVersion = 10.0.40219.1
Project("{FAE04EC0-301F-11D3-BF4B-00C04F79EFBC}") = "lab5p7", "lab5p7\lab5p7.csproj", "{80A887DE-1512-4AAB-BA3A-DFF2F7C57EBE}"
EndProject
Global
	GlobalSection(SolutionConfigurationPlatforms) = preSolution
		Debug|Any CPU = Debug|Any CPU
		Release|Any CPU = Release|Any CPU
	EndGlobalSection
	GlobalSection(ProjectConfigurationPlatforms) = postSolution
		{80A887DE-1512-4AAB-BA3A-DFF2F7C57EBE}.Debug|Any CPU.ActiveCfg = Debug|Any CPU
		{80A887DE-1512-4AAB-BA3A-DFF2F7C57EBE}.Debug|Any CPU.Build.0 = Debug|Any CPU
		{80A887DE-1512-4AAB-BA3A-DFF2F7C57EBE}.Release|Any CPU.ActiveCfg = Release|Any CPU
		{80A887DE-1512-4AAB-BA3A-DFF2F7C57EBE}.Release|Any CPU.Build.0 = Release|Any CPU
	EndGlobalSection
	GlobalSection(SolutionProperties) = preSolution
		HideSolutionNode = FALSE
	EndGlobalSection
	GlobalSection(ExtensibilityGlobals) = postSolution
		SolutionGuid = {1E35BE7C-7FC1-4D7F-8EBD-06B690C0E2F3}
	EndGlobalSection
EndGlobal
