
Microsoft Visual Studio Solution File, Format Version 12.00
# Visual Studio Version 17
VisualStudioVersion = 17.6.33815.320
MinimumVisualStudioVersion = 10.0.40219.1
Project("{FAE04EC0-301F-11D3-BF4B-00C04F79EFBC}") = "lab3p3", "lab3p3\lab3p3.csproj", "{FA472CB8-41EC-4A29-A28B-B6CBF189AD2A}"
EndProject
Global
	GlobalSection(SolutionConfigurationPlatforms) = preSolution
		Debug|Any CPU = Debug|Any CPU
		Release|Any CPU = Release|Any CPU
	EndGlobalSection
	GlobalSection(ProjectConfigurationPlatforms) = postSolution
		{FA472CB8-41EC-4A29-A28B-B6CBF189AD2A}.Debug|Any CPU.ActiveCfg = Debug|Any CPU
		{FA472CB8-41EC-4A29-A28B-B6CBF189AD2A}.Debug|Any CPU.Build.0 = Debug|Any CPU
		{FA472CB8-41EC-4A29-A28B-B6CBF189AD2A}.Release|Any CPU.ActiveCfg = Release|Any CPU
		{FA472CB8-41EC-4A29-A28B-B6CBF189AD2A}.Release|Any CPU.Build.0 = Release|Any CPU
	EndGlobalSection
	GlobalSection(SolutionProperties) = preSolution
		HideSolutionNode = FALSE
	EndGlobalSection
	GlobalSection(ExtensibilityGlobals) = postSolution
		SolutionGuid = {687CBB46-45B7-4BE0-9405-78EF615F588D}
	EndGlobalSection
EndGlobal
